{
  "requires": true,
  "lockfileVersion": 1,
  "dependencies": {
    "cos-wx-sdk-v5": {
      "version": "0.7.9",
      "resolved": "http://r.cnpmjs.org/cos-wx-sdk-v5/download/cos-wx-sdk-v5-0.7.9.tgz",
      "integrity": "sha1-A9GVPB1vecoLhxyNJWnQR8j4ogs=",
      "requires": {
        "xmldom": "^0.1.27"
      }
    },
    "tim-wx-sdk": {
      "version": "2.5.0",
      "resolved": "http://r.cnpmjs.org/tim-wx-sdk/download/tim-wx-sdk-2.5.0.tgz",
      "integrity": "sha1-hShv2voiwE6ZPoVfFJCDywe3Lo8="
    },
    "xmldom": {
      "version": "0.1.31",
      "resolved": "http://r.cnpmjs.org/xmldom/download/xmldom-0.1.31.tgz",
      "integrity": "sha1-t2yaG9nwqXN+WnLcNyMc84N14v8="
    }
  }
}
